schema: '2.0'
stages:
  data_ingestion:
    cmd: python src/cnnClassifier/pipeline/stage_01_data_ingestion.py
    deps:
    - path: config/config.yaml
      hash: md5
      md5: 7142ca93eb82770f24c581d4dfd21f32
      size: 844
    - path: src/cnnClassifier/pipeline/stage_01_data_ingestion.py
      hash: md5
      md5: a62d11e3867f4ccfc47c35bc39c0e7d4
      size: 924
    outs:
    - path: artifacts/data_ingestion/Chicken-fecal-images
      hash: md5
      md5: 9e1f8dd2eae3c29e9d635df89d438ae4.dir
      size: 12207807
      nfiles: 390
  prepare_base_model:
    cmd: python src/cnnClassifier/pipeline/stage_02_prepare_base_model.py
    deps:
    - path: config/config.yaml
      hash: md5
      md5: 7142ca93eb82770f24c581d4dfd21f32
      size: 844
    - path: src/cnnClassifier/pipeline/stage_02_prepare_base_model.py
      hash: md5
      md5: 8bee1a37ad921287bd779cdf6305ee0a
      size: 950
    params:
      params.yaml:
        CLASSES: 2
        IMAGE_SIZE:
        - 224
        - 224
        - 3
        INCLUDE_TOP: false
        LEARNING_RATE: 0.01
        WEIGHTS: imagenet
    outs:
    - path: artifacts/prepare_base_model
      hash: md5
      md5: b96c49ee486d72958312a09565c1a0c1.dir
      size: 118073225
      nfiles: 2
  training:
    cmd: python src/cnnClassifier/pipeline/stage_03_training.py
    deps:
    - path: artifacts/data_ingestion/Chicken-fecal-images
      hash: md5
      md5: 9e1f8dd2eae3c29e9d635df89d438ae4.dir
      size: 12207807
      nfiles: 390
    - path: artifacts/prepare_base_model
      hash: md5
      md5: b96c49ee486d72958312a09565c1a0c1.dir
      size: 118073225
      nfiles: 2
    - path: config/config.yaml
      hash: md5
      md5: 7142ca93eb82770f24c581d4dfd21f32
      size: 844
    - path: src/cnnClassifier/components/prepare_callbacks.py
      hash: md5
      md5: 7c245a5cbf1caab468cbf82cea4ca13d
      size: 1004
    - path: src/cnnClassifier/pipeline/stage_03_training.py
      hash: md5
      md5: 6ccfb128df3762c6443aa4aa59a9cb85
      size: 1252
    params:
      params.yaml:
        AUGMENTATION: true
        BATCH_SIZE: 16
        EPOCHS: 8
        IMAGE_SIZE:
        - 224
        - 224
        - 3
    outs:
    - path: artifacts/training/model.h5
      hash: md5
      md5: a1c1e40f5bb0cb6bc56941089539e114
      size: 59147448
  evaluation:
    cmd: python src/cnnClassifier/pipeline/stage_04_evaluation.py
    deps:
    - path: artifacts/data_ingestion/Chicken-fecal-images
      hash: md5
      md5: 9e1f8dd2eae3c29e9d635df89d438ae4.dir
      size: 12207807
      nfiles: 390
    - path: artifacts/training/model.h5
      hash: md5
      md5: a1c1e40f5bb0cb6bc56941089539e114
      size: 59147448
    - path: config/config.yaml
      hash: md5
      md5: 7142ca93eb82770f24c581d4dfd21f32
      size: 844
    - path: src/cnnClassifier/pipeline/stage_04_evaluation.py
      hash: md5
      md5: 8204783faf219204568b3e3793e2e214
      size: 869
    params:
      params.yaml:
        BATCH_SIZE: 16
        IMAGE_SIZE:
        - 224
        - 224
        - 3
    outs:
    - path: scores.json
      hash: md5
      md5: c98f8db765894ac6a8e206a78102c4f6
      size: 72
